{
  "name": "react-native-root-tips",
  "version": "1.1.1",
  "lockfileVersion": 1,
  "requires": true,
  "dependencies": {
    "js-tokens": {
      "version": "4.0.0",
      "resolved": "https://registry.npm.taobao.org/js-tokens/download/js-tokens-4.0.0.tgz?cache=0&sync_timestamp=1586796260005&other_urls=https%3A%2F%2Fregistry.npm.taobao.org%2Fjs-tokens%2Fdownload%2Fjs-tokens-4.0.0.tgz",
      "integrity": "sha1-GSA/tZmR35jjoocFDUZHzerzJJk="
    },
    "loose-envify": {
      "version": "1.4.0",
      "resolved": "http://registry.npm.taobao.org/loose-envify/download/loose-envify-1.4.0.tgz",
      "integrity": "sha1-ce5R+nvkyuwaY4OffmgtgTLTDK8=",
      "requires": {
        "js-tokens": "^3.0.0 || ^4.0.0"
      }
    },
    "object-assign": {
      "version": "4.1.1",
      "resolved": "http://registry.npm.taobao.org/object-assign/download/object-assign-4.1.1.tgz",
      "integrity": "sha1-IQmtx5ZYh8/AXLvUQsrIv7s2CGM="
    },
    "prop-types": {
      "version": "15.7.2",
      "resolved": "http://registry.npm.taobao.org/prop-types/download/prop-types-15.7.2.tgz?cache=0&other_urls=http%3A%2F%2Fregistry.npm.taobao.org%2Fprop-types%2Fdownload%2Fprop-types-15.7.2.tgz",
      "integrity": "sha1-UsQedbjIfnK52TYOAga5ncv/psU=",
      "requires": {
        "loose-envify": "^1.4.0",
        "object-assign": "^4.1.1",
        "react-is": "^16.8.1"
      }
    },
    "react-is": {
      "version": "16.13.1",
      "resolved": "https://registry.npm.taobao.org/react-is/download/react-is-16.13.1.tgz",
      "integrity": "sha1-eJcppNw23imZ3BVt1sHZwYzqVqQ="
    },
    "react-native-root-siblings": {
      "version": "3.2.3",
      "resolved": "https://registry.npm.taobao.org/react-native-root-siblings/download/react-native-root-siblings-3.2.3.tgz?cache=0&sync_timestamp=1576147516913&other_urls=https%3A%2F%2Fregistry.npm.taobao.org%2Freact-native-root-siblings%2Fdownload%2Freact-native-root-siblings-3.2.3.tgz",
      "integrity": "sha1-31oc/zo6H0M/VzIOHK5xnxsVo/I=",
      "requires": {
        "prop-types": "^15.6.2",
        "static-container": "^1.0.0"
      }
    },
    "static-container": {
      "version": "1.5.1",
      "resolved": "https://registry.npm.taobao.org/static-container/download/static-container-1.5.1.tgz",
      "integrity": "sha1-nXqU4E3qhkU5p7ahMEhDradA3Bk="
    }
  }
}
